
Microsoft Visual Studio Solution File, Format Version 12.00
# Visual Studio Version 17
VisualStudioVersion = 17.9.34622.214
MinimumVisualStudioVersion = 10.0.40219.1
Project("{9A19103F-16F7-4668-BE54-9A1E7A4F7556}") = "RabbitMqProductAPI", "RabbitMqProductAPI\RabbitMqProductAPI.csproj", "{3A3CB950-86AC-4D11-95C3-4EB169B384EF}"
EndProject
Project("{FAE04EC0-301F-11D3-BF4B-00C04F79EFBC}") = "RabbitMqProduct.Test", "RabbitMqProduct.Test\RabbitMqProduct.Test.csproj", "{6880F984-AB8F-411E-B689-A8E778C313CA}"
EndProject
Global
	GlobalSection(SolutionConfigurationPlatforms) = preSolution
		Debug|Any CPU = Debug|Any CPU
		Release|Any CPU = Release|Any CPU
	EndGlobalSection
	GlobalSection(ProjectConfigurationPlatforms) = postSolution
		{3A3CB950-86AC-4D11-95C3-4EB169B384EF}.Debug|Any CPU.ActiveCfg = Debug|Any CPU
		{3A3CB950-86AC-4D11-95C3-4EB169B384EF}.Debug|Any CPU.Build.0 = Debug|Any CPU
		{3A3CB950-86AC-4D11-95C3-4EB169B384EF}.Release|Any CPU.ActiveCfg = Release|Any CPU
		{3A3CB950-86AC-4D11-95C3-4EB169B384EF}.Release|Any CPU.Build.0 = Release|Any CPU
		{6880F984-AB8F-411E-B689-A8E778C313CA}.Debug|Any CPU.ActiveCfg = Debug|Any CPU
		{6880F984-AB8F-411E-B689-A8E778C313CA}.Debug|Any CPU.Build.0 = Debug|Any CPU
		{6880F984-AB8F-411E-B689-A8E778C313CA}.Release|Any CPU.ActiveCfg = Release|Any CPU
		{6880F984-AB8F-411E-B689-A8E778C313CA}.Release|Any CPU.Build.0 = Release|Any CPU
	EndGlobalSection
	GlobalSection(SolutionProperties) = preSolution
		HideSolutionNode = FALSE
	EndGlobalSection
	GlobalSection(ExtensibilityGlobals) = postSolution
		SolutionGuid = {3EAA99E1-65D0-4BAD-9249-9958BE4E0637}
	EndGlobalSection
EndGlobal
